
Microsoft Visual Studio Solution File, Format Version 12.00
# Visual Studio Version 17
VisualStudioVersion = 17.1.32421.90
MinimumVisualStudioVersion = 10.0.40219.1
Project("{9A19103F-16F7-4668-BE54-9A1E7A4F7556}") = "08_Maksukortti", "08_Maksukortti.csproj", "{E692E8EA-A3F8-4DA3-B27C-E4C2F4532A0B}"
EndProject
Global
	GlobalSection(SolutionConfigurationPlatforms) = preSolution
		Debug|Any CPU = Debug|Any CPU
		Release|Any CPU = Release|Any CPU
	EndGlobalSection
	GlobalSection(ProjectConfigurationPlatforms) = postSolution
		{E692E8EA-A3F8-4DA3-B27C-E4C2F4532A0B}.Debug|Any CPU.ActiveCfg = Debug|Any CPU
		{E692E8EA-A3F8-4DA3-B27C-E4C2F4532A0B}.Debug|Any CPU.Build.0 = Debug|Any CPU
		{E692E8EA-A3F8-4DA3-B27C-E4C2F4532A0B}.Release|Any CPU.ActiveCfg = Release|Any CPU
		{E692E8EA-A3F8-4DA3-B27C-E4C2F4532A0B}.Release|Any CPU.Build.0 = Release|Any CPU
	EndGlobalSection
	GlobalSection(SolutionProperties) = preSolution
		HideSolutionNode = FALSE
	EndGlobalSection
	GlobalSection(ExtensibilityGlobals) = postSolution
		SolutionGuid = {A548A03B-39BF-4080-90EB-F3AA0F12FC32}
	EndGlobalSection
EndGlobal
